
Microsoft Visual Studio Solution File, Format Version 12.00
# Visual Studio 15
VisualStudioVersion = 15.0.26621.2
MinimumVisualStudioVersion = 10.0.40219.1
Project("{9A19103F-16F7-4668-BE54-9A1E7A4F7556}") = "July", "src\July\July.csproj", "{DCBC6D70-574C-4A50-A806-C1810D166017}"
EndProject
Project("{2150E333-8FDC-42A3-9474-1A3956D46DE8}") = "src", "src", "{95E24A58-5B0B-42E7-A576-C70D517DE40E}"
EndProject
Project("{2150E333-8FDC-42A3-9474-1A3956D46DE8}") = "sample", "sample", "{1E7D95E2-71FE-404A-9098-7DD509E52399}"
EndProject
Project("{2150E333-8FDC-42A3-9474-1A3956D46DE8}") = "test", "test", "{DD9C04D8-A261-4150-A304-73AEA21B9F82}"
EndProject
Project("{9A19103F-16F7-4668-BE54-9A1E7A4F7556}") = "July.Test", "test\July.Test\July.Test.csproj", "{EF9B4EAB-240D-49F8-ADBF-7CCE9B7ADF59}"
EndProject
Project("{9A19103F-16F7-4668-BE54-9A1E7A4F7556}") = "July.Bootstrap.AspNetCore", "src\July.Bootstrap.AspNetCore\July.Bootstrap.AspNetCore.csproj", "{4F9AC789-FD13-4DF4-94FF-59C055CEFAC4}"
EndProject
Project("{9A19103F-16F7-4668-BE54-9A1E7A4F7556}") = "July.Sample", "sample\July.Sample\July.Sample.csproj", "{257AA795-D5F4-4145-AC2D-7743DF87462B}"
EndProject
Project("{9A19103F-16F7-4668-BE54-9A1E7A4F7556}") = "July.Bootstrap.Console", "src\July.Bootstrap.Console\July.Bootstrap.Console.csproj", "{54C705F4-42FC-433F-839B-D2BBBF1AE334}"
EndProject
Global
	GlobalSection(SolutionConfigurationPlatforms) = preSolution
		Debug|Any CPU = Debug|Any CPU
		Release|Any CPU = Release|Any CPU
	EndGlobalSection
	GlobalSection(ProjectConfigurationPlatforms) = postSolution
		{DCBC6D70-574C-4A50-A806-C1810D166017}.Debug|Any CPU.ActiveCfg = Debug|Any CPU
		{DCBC6D70-574C-4A50-A806-C1810D166017}.Debug|Any CPU.Build.0 = Debug|Any CPU
		{DCBC6D70-574C-4A50-A806-C1810D166017}.Release|Any CPU.ActiveCfg = Release|Any CPU
		{DCBC6D70-574C-4A50-A806-C1810D166017}.Release|Any CPU.Build.0 = Release|Any CPU
		{EF9B4EAB-240D-49F8-ADBF-7CCE9B7ADF59}.Debug|Any CPU.ActiveCfg = Debug|Any CPU
		{EF9B4EAB-240D-49F8-ADBF-7CCE9B7ADF59}.Debug|Any CPU.Build.0 = Debug|Any CPU
		{EF9B4EAB-240D-49F8-ADBF-7CCE9B7ADF59}.Release|Any CPU.ActiveCfg = Release|Any CPU
		{EF9B4EAB-240D-49F8-ADBF-7CCE9B7ADF59}.Release|Any CPU.Build.0 = Release|Any CPU
		{4F9AC789-FD13-4DF4-94FF-59C055CEFAC4}.Debug|Any CPU.ActiveCfg = Debug|Any CPU
		{4F9AC789-FD13-4DF4-94FF-59C055CEFAC4}.Debug|Any CPU.Build.0 = Debug|Any CPU
		{4F9AC789-FD13-4DF4-94FF-59C055CEFAC4}.Release|Any CPU.ActiveCfg = Release|Any CPU
		{4F9AC789-FD13-4DF4-94FF-59C055CEFAC4}.Release|Any CPU.Build.0 = Release|Any CPU
		{257AA795-D5F4-4145-AC2D-7743DF87462B}.Debug|Any CPU.ActiveCfg = Debug|Any CPU
		{257AA795-D5F4-4145-AC2D-7743DF87462B}.Debug|Any CPU.Build.0 = Debug|Any CPU
		{257AA795-D5F4-4145-AC2D-7743DF87462B}.Release|Any CPU.ActiveCfg = Release|Any CPU
		{257AA795-D5F4-4145-AC2D-7743DF87462B}.Release|Any CPU.Build.0 = Release|Any CPU
		{54C705F4-42FC-433F-839B-D2BBBF1AE334}.Debug|Any CPU.ActiveCfg = Debug|Any CPU
		{54C705F4-42FC-433F-839B-D2BBBF1AE334}.Debug|Any CPU.Build.0 = Debug|Any CPU
		{54C705F4-42FC-433F-839B-D2BBBF1AE334}.Release|Any CPU.ActiveCfg = Release|Any CPU
		{54C705F4-42FC-433F-839B-D2BBBF1AE334}.Release|Any CPU.Build.0 = Release|Any CPU
	EndGlobalSection
	GlobalSection(SolutionProperties) = preSolution
		HideSolutionNode = FALSE
	EndGlobalSection
	GlobalSection(NestedProjects) = preSolution
		{DCBC6D70-574C-4A50-A806-C1810D166017} = {95E24A58-5B0B-42E7-A576-C70D517DE40E}
		{EF9B4EAB-240D-49F8-ADBF-7CCE9B7ADF59} = {DD9C04D8-A261-4150-A304-73AEA21B9F82}
		{4F9AC789-FD13-4DF4-94FF-59C055CEFAC4} = {95E24A58-5B0B-42E7-A576-C70D517DE40E}
		{257AA795-D5F4-4145-AC2D-7743DF87462B} = {1E7D95E2-71FE-404A-9098-7DD509E52399}
		{54C705F4-42FC-433F-839B-D2BBBF1AE334} = {95E24A58-5B0B-42E7-A576-C70D517DE40E}
	EndGlobalSection
	GlobalSection(ExtensibilityGlobals) = postSolution
		SolutionGuid = {6604D47E-A8E6-438C-AD53-9DF366C82F7F}
	EndGlobalSection
EndGlobal
