
Microsoft Visual Studio Solution File, Format Version 12.00
# Visual Studio 15
VisualStudioVersion = 15.0.26621.2
MinimumVisualStudioVersion = 10.0.40219.1
Project("{9A19103F-16F7-4668-BE54-9A1E7A4F7556}") = "July", "src\July\July.csproj", "{DCBC6D70-574C-4A50-A806-C1810D166017}"
EndProject
Project("{2150E333-8FDC-42A3-9474-1A3956D46DE8}") = "src", "src", "{95E24A58-5B0B-42E7-A576-C70D517DE40E}"
EndProject
Project("{2150E333-8FDC-42A3-9474-1A3956D46DE8}") = "sample", "sample", "{1E7D95E2-71FE-404A-9098-7DD509E52399}"
EndProject
Project("{FAE04EC0-301F-11D3-BF4B-00C04F79EFBC}") = "July.Sample", "sample\July.Sample\July.Sample.csproj", "{45AF4CEB-7682-4355-BF7A-D2054EF80DA1}"
EndProject
Project("{FAE04EC0-301F-11D3-BF4B-00C04F79EFBC}") = "July.Bootstrap", "src\July.Bootstrap\July.Bootstrap.csproj", "{D474946B-83E9-4FEB-B5C8-4BDD63291A2E}"
EndProject
Global
	GlobalSection(SolutionConfigurationPlatforms) = preSolution
		Debug|Any CPU = Debug|Any CPU
		Release|Any CPU = Release|Any CPU
	EndGlobalSection
	GlobalSection(ProjectConfigurationPlatforms) = postSolution
		{DCBC6D70-574C-4A50-A806-C1810D166017}.Debug|Any CPU.ActiveCfg = Debug|Any CPU
		{DCBC6D70-574C-4A50-A806-C1810D166017}.Debug|Any CPU.Build.0 = Debug|Any CPU
		{DCBC6D70-574C-4A50-A806-C1810D166017}.Release|Any CPU.ActiveCfg = Release|Any CPU
		{DCBC6D70-574C-4A50-A806-C1810D166017}.Release|Any CPU.Build.0 = Release|Any CPU
		{45AF4CEB-7682-4355-BF7A-D2054EF80DA1}.Debug|Any CPU.ActiveCfg = Debug|Any CPU
		{45AF4CEB-7682-4355-BF7A-D2054EF80DA1}.Debug|Any CPU.Build.0 = Debug|Any CPU
		{45AF4CEB-7682-4355-BF7A-D2054EF80DA1}.Release|Any CPU.ActiveCfg = Release|Any CPU
		{45AF4CEB-7682-4355-BF7A-D2054EF80DA1}.Release|Any CPU.Build.0 = Release|Any CPU
		{D474946B-83E9-4FEB-B5C8-4BDD63291A2E}.Debug|Any CPU.ActiveCfg = Debug|Any CPU
		{D474946B-83E9-4FEB-B5C8-4BDD63291A2E}.Debug|Any CPU.Build.0 = Debug|Any CPU
		{D474946B-83E9-4FEB-B5C8-4BDD63291A2E}.Release|Any CPU.ActiveCfg = Release|Any CPU
		{D474946B-83E9-4FEB-B5C8-4BDD63291A2E}.Release|Any CPU.Build.0 = Release|Any CPU
	EndGlobalSection
	GlobalSection(SolutionProperties) = preSolution
		HideSolutionNode = FALSE
	EndGlobalSection
	GlobalSection(NestedProjects) = preSolution
		{DCBC6D70-574C-4A50-A806-C1810D166017} = {95E24A58-5B0B-42E7-A576-C70D517DE40E}
		{45AF4CEB-7682-4355-BF7A-D2054EF80DA1} = {1E7D95E2-71FE-404A-9098-7DD509E52399}
		{D474946B-83E9-4FEB-B5C8-4BDD63291A2E} = {95E24A58-5B0B-42E7-A576-C70D517DE40E}
	EndGlobalSection
	GlobalSection(ExtensibilityGlobals) = postSolution
		SolutionGuid = {6604D47E-A8E6-438C-AD53-9DF366C82F7F}
	EndGlobalSection
EndGlobal
